
Microsoft Visual Studio Solution File, Format Version 12.00
# Visual Studio Version 17
VisualStudioVersion = 17.3.32922.545
MinimumVisualStudioVersion = 10.0.40219.1
Project("{FAE04EC0-301F-11D3-BF4B-00C04F79EFBC}") = "praktika4", "praktika4\praktika4.csproj", "{D43640F6-9782-424C-9B91-C7A7B3626520}"
EndProject
Global
	GlobalSection(SolutionConfigurationPlatforms) = preSolution
		Debug|Any CPU = Debug|Any CPU
		Release|Any CPU = Release|Any CPU
	EndGlobalSection
	GlobalSection(ProjectConfigurationPlatforms) = postSolution
		{D43640F6-9782-424C-9B91-C7A7B3626520}.Debug|Any CPU.ActiveCfg = Debug|Any CPU
		{D43640F6-9782-424C-9B91-C7A7B3626520}.Debug|Any CPU.Build.0 = Debug|Any CPU
		{D43640F6-9782-424C-9B91-C7A7B3626520}.Release|Any CPU.ActiveCfg = Release|Any CPU
		{D43640F6-9782-424C-9B91-C7A7B3626520}.Release|Any CPU.Build.0 = Release|Any CPU
	EndGlobalSection
	GlobalSection(SolutionProperties) = preSolution
		HideSolutionNode = FALSE
	EndGlobalSection
	GlobalSection(ExtensibilityGlobals) = postSolution
		SolutionGuid = {B8EF0EA3-F33F-454E-8186-CA93820959E9}
	EndGlobalSection
EndGlobal
